
Microsoft Visual Studio Solution File, Format Version 12.00
# Visual Studio Version 17
VisualStudioVersion = 17.3.32929.385
MinimumVisualStudioVersion = 10.0.40219.1
Project("{9A19103F-16F7-4668-BE54-9A1E7A4F7556}") = "05 - GateWay", "GateWay\05 - GateWay.csproj", "{D15C257F-CBE3-423D-9B0A-8A54E4FE98C4}"
EndProject
Project("{FAE04EC0-301F-11D3-BF4B-00C04F79EFBC}") = "01 - Domain", "01 - Domain\01 - Domain.csproj", "{3584F819-DDAA-4E51-B204-AB8EB271C416}"
EndProject
Project("{FAE04EC0-301F-11D3-BF4B-00C04F79EFBC}") = "02 - Application", "02 - Application\02 - Application.csproj", "{8985DE5E-577C-4B79-9183-7EF80209E6D5}"
EndProject
Project("{FAE04EC0-301F-11D3-BF4B-00C04F79EFBC}") = "03 - Infrastructure", "03 - Infrastructure\03 - Infrastructure.csproj", "{E22A47FC-EB06-4C30-87EA-5DAA4E4B1F4E}"
EndProject
Project("{FAE04EC0-301F-11D3-BF4B-00C04F79EFBC}") = "ConsoleApp1", "ConsoleApp1\ConsoleApp1.csproj", "{D5E368DE-4787-45E6-BCDF-E5702D146E33}"
EndProject
Project("{FAE04EC0-301F-11D3-BF4B-00C04F79EFBC}") = "04 - API", "04 - API\04 - API.csproj", "{9DB63099-00ED-4E66-8A27-66C1527F02CA}"
EndProject
Global
	GlobalSection(SolutionConfigurationPlatforms) = preSolution
		Debug|Any CPU = Debug|Any CPU
		Release|Any CPU = Release|Any CPU
	EndGlobalSection
	GlobalSection(ProjectConfigurationPlatforms) = postSolution
		{D15C257F-CBE3-423D-9B0A-8A54E4FE98C4}.Debug|Any CPU.ActiveCfg = Debug|Any CPU
		{D15C257F-CBE3-423D-9B0A-8A54E4FE98C4}.Debug|Any CPU.Build.0 = Debug|Any CPU
		{D15C257F-CBE3-423D-9B0A-8A54E4FE98C4}.Release|Any CPU.ActiveCfg = Release|Any CPU
		{D15C257F-CBE3-423D-9B0A-8A54E4FE98C4}.Release|Any CPU.Build.0 = Release|Any CPU
		{3584F819-DDAA-4E51-B204-AB8EB271C416}.Debug|Any CPU.ActiveCfg = Debug|Any CPU
		{3584F819-DDAA-4E51-B204-AB8EB271C416}.Debug|Any CPU.Build.0 = Debug|Any CPU
		{3584F819-DDAA-4E51-B204-AB8EB271C416}.Release|Any CPU.ActiveCfg = Release|Any CPU
		{3584F819-DDAA-4E51-B204-AB8EB271C416}.Release|Any CPU.Build.0 = Release|Any CPU
		{8985DE5E-577C-4B79-9183-7EF80209E6D5}.Debug|Any CPU.ActiveCfg = Debug|Any CPU
		{8985DE5E-577C-4B79-9183-7EF80209E6D5}.Debug|Any CPU.Build.0 = Debug|Any CPU
		{8985DE5E-577C-4B79-9183-7EF80209E6D5}.Release|Any CPU.ActiveCfg = Release|Any CPU
		{8985DE5E-577C-4B79-9183-7EF80209E6D5}.Release|Any CPU.Build.0 = Release|Any CPU
		{E22A47FC-EB06-4C30-87EA-5DAA4E4B1F4E}.Debug|Any CPU.ActiveCfg = Debug|Any CPU
		{E22A47FC-EB06-4C30-87EA-5DAA4E4B1F4E}.Debug|Any CPU.Build.0 = Debug|Any CPU
		{E22A47FC-EB06-4C30-87EA-5DAA4E4B1F4E}.Release|Any CPU.ActiveCfg = Release|Any CPU
		{E22A47FC-EB06-4C30-87EA-5DAA4E4B1F4E}.Release|Any CPU.Build.0 = Release|Any CPU
		{D5E368DE-4787-45E6-BCDF-E5702D146E33}.Debug|Any CPU.ActiveCfg = Debug|Any CPU
		{D5E368DE-4787-45E6-BCDF-E5702D146E33}.Debug|Any CPU.Build.0 = Debug|Any CPU
		{D5E368DE-4787-45E6-BCDF-E5702D146E33}.Release|Any CPU.ActiveCfg = Release|Any CPU
		{D5E368DE-4787-45E6-BCDF-E5702D146E33}.Release|Any CPU.Build.0 = Release|Any CPU
		{9DB63099-00ED-4E66-8A27-66C1527F02CA}.Debug|Any CPU.ActiveCfg = Debug|Any CPU
		{9DB63099-00ED-4E66-8A27-66C1527F02CA}.Debug|Any CPU.Build.0 = Debug|Any CPU
		{9DB63099-00ED-4E66-8A27-66C1527F02CA}.Release|Any CPU.ActiveCfg = Release|Any CPU
		{9DB63099-00ED-4E66-8A27-66C1527F02CA}.Release|Any CPU.Build.0 = Release|Any CPU
	EndGlobalSection
	GlobalSection(SolutionProperties) = preSolution
		HideSolutionNode = FALSE
	EndGlobalSection
	GlobalSection(ExtensibilityGlobals) = postSolution
		SolutionGuid = {F7AC1070-25E9-431B-9233-12A9B7AF08A8}
	EndGlobalSection
EndGlobal
